
Microsoft Visual Studio Solution File, Format Version 12.00
# Visual Studio Version 16
VisualStudioVersion = 16.0.30128.74
MinimumVisualStudioVersion = 10.0.40219.1
Project("{FAE04EC0-301F-11D3-BF4B-00C04F79EFBC}") = "ExamTestApp", "ExamTestApp.csproj", "{C3FC3DD0-20D7-4109-A700-5BE9FF85BFA7}"
EndProject
Global
	GlobalSection(SolutionConfigurationPlatforms) = preSolution
		Debug|Any CPU = Debug|Any CPU
		Release|Any CPU = Release|Any CPU
	EndGlobalSection
	GlobalSection(ProjectConfigurationPlatforms) = postSolution
		{C3FC3DD0-20D7-4109-A700-5BE9FF85BFA7}.Debug|Any CPU.ActiveCfg = Debug|Any CPU
		{C3FC3DD0-20D7-4109-A700-5BE9FF85BFA7}.Debug|Any CPU.Build.0 = Debug|Any CPU
		{C3FC3DD0-20D7-4109-A700-5BE9FF85BFA7}.Release|Any CPU.ActiveCfg = Release|Any CPU
		{C3FC3DD0-20D7-4109-A700-5BE9FF85BFA7}.Release|Any CPU.Build.0 = Release|Any CPU
	EndGlobalSection
	GlobalSection(SolutionProperties) = preSolution
		HideSolutionNode = FALSE
	EndGlobalSection
	GlobalSection(ExtensibilityGlobals) = postSolution
		SolutionGuid = {22DC5B1C-FA08-4727-89B7-BE6C86EEF451}
	EndGlobalSection
EndGlobal
